{
  "name": "video-project-ui",
  "lockfileVersion": 3,
  "requires": true,
  "packages": {
    "": {
      "dependencies": {
        "hls.js": "^1.6.2",
        "mui-player": "^1.8.1"
      }
    },
    "node_modules/hls.js": {
      "version": "1.6.2",
      "resolved": "https://registry.npmjs.org/hls.js/-/hls.js-1.6.2.tgz",
      "integrity": "sha512-rx+pETSCJEDThm/JCm8CuadcAC410cVjb1XVXFNDKFuylaayHk1+tFxhkjvnMDAfqsJHxZXDAJ3Uc2d5xQyWlQ==",
      "license": "Apache-2.0"
    },
    "node_modules/mui-player": {
      "version": "1.8.1",
      "resolved": "https://registry.npmjs.org/mui-player/-/mui-player-1.8.1.tgz",
      "integrity": "sha512-5o0SnSyVImxT9XUO6jCMmcJ+ZyAEJeFvdeZDHHPNS/LdwhzWX4yQPNgx8nzRbcUJ749xpqEQ6uVddiexLyvvqg==",
      "license": "GPL-3.0"
    }
  }
}
